
Microsoft Visual Studio Solution File, Format Version 12.00
# Visual Studio Version 16
VisualStudioVersion = 16.0.29503.13
MinimumVisualStudioVersion = 10.0.40219.1
Project("{FAE04EC0-301F-11D3-BF4B-00C04F79EFBC}") = "PairGame", "GameLatO\PairGame.csproj", "{4AD6592F-ED00-4C92-9B1C-9739B2FEAD24}"
EndProject
Global
	GlobalSection(SolutionConfigurationPlatforms) = preSolution
		Debug|Any CPU = Debug|Any CPU
		Release|Any CPU = Release|Any CPU
	EndGlobalSection
	GlobalSection(ProjectConfigurationPlatforms) = postSolution
		{4AD6592F-ED00-4C92-9B1C-9739B2FEAD24}.Debug|Any CPU.ActiveCfg = Debug|Any CPU
		{4AD6592F-ED00-4C92-9B1C-9739B2FEAD24}.Debug|Any CPU.Build.0 = Debug|Any CPU
		{4AD6592F-ED00-4C92-9B1C-9739B2FEAD24}.Release|Any CPU.ActiveCfg = Release|Any CPU
		{4AD6592F-ED00-4C92-9B1C-9739B2FEAD24}.Release|Any CPU.Build.0 = Release|Any CPU
	EndGlobalSection
	GlobalSection(SolutionProperties) = preSolution
		HideSolutionNode = FALSE
	EndGlobalSection
	GlobalSection(ExtensibilityGlobals) = postSolution
		SolutionGuid = {B81A2AC1-BE1B-4050-91AF-2FFA6BFF1E6A}
	EndGlobalSection
EndGlobal
